
Microsoft Visual Studio Solution File, Format Version 12.00
# Visual Studio 15
VisualStudioVersion = 15.0.27130.2027
MinimumVisualStudioVersion = 10.0.40219.1
Project("{8BC9CEB8-8B4A-11D0-8D11-00A0C91BC942}") = "lab023", "lab023\lab023.vcxproj", "{C0091AF1-F443-4A3B-93DF-3BD0ED880A56}"
EndProject
Project("{8BC9CEB8-8B4A-11D0-8D11-00A0C91BC942}") = "lab023CatchTests", "lab023CatchTests\lab023CatchTests.vcxproj", "{94CD0848-C108-4B05-928C-C1DE6D3BB0E4}"
EndProject
Global
	GlobalSection(SolutionConfigurationPlatforms) = preSolution
		Debug|x64 = Debug|x64
		Debug|x86 = Debug|x86
		Release|x64 = Release|x64
		Release|x86 = Release|x86
	EndGlobalSection
	GlobalSection(ProjectConfigurationPlatforms) = postSolution
		{C0091AF1-F443-4A3B-93DF-3BD0ED880A56}.Debug|x64.ActiveCfg = Debug|x64
		{C0091AF1-F443-4A3B-93DF-3BD0ED880A56}.Debug|x64.Build.0 = Debug|x64
		{C0091AF1-F443-4A3B-93DF-3BD0ED880A56}.Debug|x86.ActiveCfg = Debug|Win32
		{C0091AF1-F443-4A3B-93DF-3BD0ED880A56}.Debug|x86.Build.0 = Debug|Win32
		{C0091AF1-F443-4A3B-93DF-3BD0ED880A56}.Release|x64.ActiveCfg = Release|x64
		{C0091AF1-F443-4A3B-93DF-3BD0ED880A56}.Release|x64.Build.0 = Release|x64
		{C0091AF1-F443-4A3B-93DF-3BD0ED880A56}.Release|x86.ActiveCfg = Release|Win32
		{C0091AF1-F443-4A3B-93DF-3BD0ED880A56}.Release|x86.Build.0 = Release|Win32
		{94CD0848-C108-4B05-928C-C1DE6D3BB0E4}.Debug|x64.ActiveCfg = Debug|x64
		{94CD0848-C108-4B05-928C-C1DE6D3BB0E4}.Debug|x64.Build.0 = Debug|x64
		{94CD0848-C108-4B05-928C-C1DE6D3BB0E4}.Debug|x86.ActiveCfg = Debug|Win32
		{94CD0848-C108-4B05-928C-C1DE6D3BB0E4}.Debug|x86.Build.0 = Debug|Win32
		{94CD0848-C108-4B05-928C-C1DE6D3BB0E4}.Release|x64.ActiveCfg = Release|x64
		{94CD0848-C108-4B05-928C-C1DE6D3BB0E4}.Release|x64.Build.0 = Release|x64
		{94CD0848-C108-4B05-928C-C1DE6D3BB0E4}.Release|x86.ActiveCfg = Release|Win32
		{94CD0848-C108-4B05-928C-C1DE6D3BB0E4}.Release|x86.Build.0 = Release|Win32
	EndGlobalSection
	GlobalSection(SolutionProperties) = preSolution
		HideSolutionNode = FALSE
	EndGlobalSection
	GlobalSection(ExtensibilityGlobals) = postSolution
		SolutionGuid = {90EC1DAF-8347-496B-8318-68332E26FCF1}
	EndGlobalSection
EndGlobal
